
Microsoft Visual Studio Solution File, Format Version 12.00
Project("{FAE04EC0-301F-11D3-BF4B-00C04F79EFBC}") = "GameOfLiveKata", "GameOfLiveKata\GameOfLiveKata.csproj", "{DB5034D6-B6F4-4072-B06F-F565F9F2A566}"
EndProject
Project("{FAE04EC0-301F-11D3-BF4B-00C04F79EFBC}") = "GameOfLiveTest", "GameOfLiveTest\GameOfLiveTest.csproj", "{71EABC0A-DB15-42F3-87E0-0C46679BB4EB}"
EndProject
Global
	GlobalSection(SolutionConfigurationPlatforms) = preSolution
		Debug|Any CPU = Debug|Any CPU
		Release|Any CPU = Release|Any CPU
	EndGlobalSection
	GlobalSection(ProjectConfigurationPlatforms) = postSolution
		{DB5034D6-B6F4-4072-B06F-F565F9F2A566}.Debug|Any CPU.ActiveCfg = Debug|Any CPU
		{DB5034D6-B6F4-4072-B06F-F565F9F2A566}.Debug|Any CPU.Build.0 = Debug|Any CPU
		{DB5034D6-B6F4-4072-B06F-F565F9F2A566}.Release|Any CPU.ActiveCfg = Release|Any CPU
		{DB5034D6-B6F4-4072-B06F-F565F9F2A566}.Release|Any CPU.Build.0 = Release|Any CPU
		{71EABC0A-DB15-42F3-87E0-0C46679BB4EB}.Debug|Any CPU.ActiveCfg = Debug|Any CPU
		{71EABC0A-DB15-42F3-87E0-0C46679BB4EB}.Debug|Any CPU.Build.0 = Debug|Any CPU
		{71EABC0A-DB15-42F3-87E0-0C46679BB4EB}.Release|Any CPU.ActiveCfg = Release|Any CPU
		{71EABC0A-DB15-42F3-87E0-0C46679BB4EB}.Release|Any CPU.Build.0 = Release|Any CPU
	EndGlobalSection
EndGlobal
